
Microsoft Visual Studio Solution File, Format Version 12.00
# Visual Studio Version 17
VisualStudioVersion = 17.0.32126.317
MinimumVisualStudioVersion = 10.0.40219.1
Project("{FAE04EC0-301F-11D3-BF4B-00C04F79EFBC}") = "21_OOP_Hamburgerci", "21_OOP_Hamburgerci\21_OOP_Hamburgerci.csproj", "{A03B44C0-EDD4-476A-8F99-405CEAB015C9}"
EndProject
Global
	GlobalSection(SolutionConfigurationPlatforms) = preSolution
		Debug|Any CPU = Debug|Any CPU
		Release|Any CPU = Release|Any CPU
	EndGlobalSection
	GlobalSection(ProjectConfigurationPlatforms) = postSolution
		{A03B44C0-EDD4-476A-8F99-405CEAB015C9}.Debug|Any CPU.ActiveCfg = Debug|Any CPU
		{A03B44C0-EDD4-476A-8F99-405CEAB015C9}.Debug|Any CPU.Build.0 = Debug|Any CPU
		{A03B44C0-EDD4-476A-8F99-405CEAB015C9}.Release|Any CPU.ActiveCfg = Release|Any CPU
		{A03B44C0-EDD4-476A-8F99-405CEAB015C9}.Release|Any CPU.Build.0 = Release|Any CPU
	EndGlobalSection
	GlobalSection(SolutionProperties) = preSolution
		HideSolutionNode = FALSE
	EndGlobalSection
	GlobalSection(ExtensibilityGlobals) = postSolution
		SolutionGuid = {48073AF6-C5D6-4945-BEEF-BE9E94626FDA}
	EndGlobalSection
EndGlobal
